// !$*UTF8*$!
{
	archiveVersion = 1;
	classes = {
	};
	objectVersion = 56;
	objects = {

/* Begin PBXBuildFile section */
		422CB720288D17BA001013CA /* sandtoolApp.swift in Sources */ = {isa = PBXBuildFile; fileRef = 422CB71F288D17BA001013CA /* sandtoolApp.swift */; };
		422CB722288D17BA001013CA /* ContentView.swift in Sources */ = {isa = PBXBuildFile; fileRef = 422CB721288D17BA001013CA /* ContentView.swift */; };
		422CB724288D17BC001013CA /* Assets.xcassets in Resources */ = {isa = PBXBuildFile; fileRef = 422CB723288D17BC001013CA /* Assets.xcassets */; };
		422CB727288D17BC001013CA /* Preview Assets.xcassets in Resources */ = {isa = PBXBuildFile; fileRef = 422CB726288D17BC001013CA /* Preview Assets.xcassets */; };
		42AAC33A288E10CA00B493D1 /* HexView.swift in Sources */ = {isa = PBXBuildFile; fileRef = 42AAC339288E10CA00B493D1 /* HexView.swift */; };
		42F362B3288D2FB5008C6758 /* Sandstone in Frameworks */ = {isa = PBXBuildFile; productRef = 42F362B2288D2FB5008C6758 /* Sandstone */; };
/* End PBXBuildFile section */

/* Begin PBXFileReference section */
		422CB71C288D17BA001013CA /* sandtool.app */ = {isa = PBXFileReference; explicitFileType = wrapper.application; includeInIndex = 0; path = sandtool.app; sourceTree = BUILT_PRODUCTS_DIR; };
		422CB71F288D17BA001013CA /* sandtoolApp.swift */ = {isa = PBXFileReference; lastKnownFileType = sourcecode.swift; path = sandtoolApp.swift; sourceTree = "<group>"; };
		422CB721288D17BA001013CA /* ContentView.swift */ = {isa = PBXFileReference; lastKnownFileType = sourcecode.swift; path = ContentView.swift; sourceTree = "<group>"; };
		422CB723288D17BC001013CA /* Assets.xcassets */ = {isa = PBXFileReference; lastKnownFileType = folder.assetcatalog; path = Assets.xcassets; sourceTree = "<group>"; };
		422CB726288D17BC001013CA /* Preview Assets.xcassets */ = {isa = PBXFileReference; lastKnownFileType = folder.assetcatalog; path = "Preview Assets.xcassets"; sourceTree = "<group>"; };
		422CB728288D17BC001013CA /* sandtool.entitlements */ = {isa = PBXFileReference; lastKnownFileType = text.plist.entitlements; path = sandtool.entitlements; sourceTree = "<group>"; };
		422CB72F288D1940001013CA /* libsandstone */ = {isa = PBXFileReference; lastKnownFileType = wrapper; path = libsandstone; sourceTree = "<group>"; };
		42AAC339288E10CA00B493D1 /* HexView.swift */ = {isa = PBXFileReference; lastKnownFileType = sourcecode.swift; path = HexView.swift; sourceTree = "<group>"; };
/* End PBXFileReference section */

/* Begin PBXFrameworksBuildPhase section */
		422CB719288D17BA001013CA /* Frameworks */ = {
			isa = PBXFrameworksBuildPhase;
			buildActionMask = 2147483647;
			files = (
				42F362B3288D2FB5008C6758 /* Sandstone in Frameworks */,
			);
			runOnlyForDeploymentPostprocessing = 0;
		};
/* End PBXFrameworksBuildPhase section */

/* Begin PBXGroup section */
		422CB713288D17BA001013CA = {
			isa = PBXGroup;
			children = (
				422CB72F288D1940001013CA /* libsandstone */,
				422CB71E288D17BA001013CA /* sandtool */,
				422CB71D288D17BA001013CA /* Products */,
				422CB730288D1A86001013CA /* Frameworks */,
			);
			sourceTree = "<group>";
		};
		422CB71D288D17BA001013CA /* Products */ = {
			isa = PBXGroup;
			children = (
				422CB71C288D17BA001013CA /* sandtool.app */,
			);
			name = Products;
			sourceTree = "<group>";
		};
		422CB71E288D17BA001013CA /* sandtool */ = {
			isa = PBXGroup;
			children = (
				422CB71F288D17BA001013CA /* sandtoolApp.swift */,
				422CB721288D17BA001013CA /* ContentView.swift */,
				42AAC339288E10CA00B493D1 /* HexView.swift */,
				422CB723288D17BC001013CA /* Assets.xcassets */,
				422CB728288D17BC001013CA /* sandtool.entitlements */,
				422CB725288D17BC001013CA /* Preview Content */,
			);
			path = sandtool;
			sourceTree = "<group>";
		};
		422CB725288D17BC001013CA /* Preview Content */ = {
			isa = PBXGroup;
			children = (
				422CB726288D17BC001013CA /* Preview Assets.xcassets */,
			);
			path = "Preview Content";
			sourceTree = "<group>";
		};
		422CB730288D1A86001013CA /* Frameworks */ = {
			isa = PBXGroup;
			children = (
			);
			name = Frameworks;
			sourceTree = "<group>";
		};
/* End PBXGroup section */

/* Begin PBXNativeTarget section */
		422CB71B288D17BA001013CA /* sandtool */ = {
			isa = PBXNativeTarget;
			buildConfigurationList = 422CB72B288D17BC001013CA /* Build configuration list for PBXNativeTarget "sandtool" */;
			buildPhases = (
				422CB718288D17BA001013CA /* Sources */,
				422CB719288D17BA001013CA /* Frameworks */,
				422CB71A288D17BA001013CA /* Resources */,
			);
			buildRules = (
			);
			dependencies = (
			);
			name = sandtool;
			packageProductDependencies = (
				42F362B2288D2FB5008C6758 /* Sandstone */,
			);
			productName = sandtool;
			productReference = 422CB71C288D17BA001013CA /* sandtool.app */;
			productType = "com.apple.product-type.application";
		};
/* End PBXNativeTarget section */

/* Begin PBXProject section */
		422CB714288D17BA001013CA /* Project object */ = {
			isa = PBXProject;
			attributes = {
				BuildIndependentTargetsInParallel = 1;
				LastSwiftUpdateCheck = 1400;
				LastUpgradeCheck = 1400;
				TargetAttributes = {
					422CB71B288D17BA001013CA = {
						CreatedOnToolsVersion = 14.0;
					};
				};
			};
			buildConfigurationList = 422CB717288D17BA001013CA /* Build configuration list for PBXProject "sandtool" */;
			compatibilityVersion = "Xcode 14.0";
			developmentRegion = en;
			hasScannedForEncodings = 0;
			knownRegions = (
				en,
				Base,
			);
			mainGroup = 422CB713288D17BA001013CA;
			productRefGroup = 422CB71D288D17BA001013CA /* Products */;
			projectDirPath = "";
			projectRoot = "";
			targets = (
				422CB71B288D17BA001013CA /* sandtool */,
			);
		};
/* End PBXProject section */

/* Begin PBXResourcesBuildPhase section */
		422CB71A288D17BA001013CA /* Resources */ = {
			isa = PBXResourcesBuildPhase;
			buildActionMask = 2147483647;
			files = (
				422CB727288D17BC001013CA /* Preview Assets.xcassets in Resources */,
				422CB724288D17BC001013CA /* Assets.xcassets in Resources */,
			);
			runOnlyForDeploymentPostprocessing = 0;
		};
/* End PBXResourcesBuildPhase section */

/* Begin PBXSourcesBuildPhase section */
		422CB718288D17BA001013CA /* Sources */ = {
			isa = PBXSourcesBuildPhase;
			buildActionMask = 2147483647;
			files = (
				422CB722288D17BA001013CA /* ContentView.swift in Sources */,
				422CB720288D17BA001013CA /* sandtoolApp.swift in Sources */,
				42AAC33A288E10CA00B493D1 /* HexView.swift in Sources */,
			);
			runOnlyForDeploymentPostprocessing = 0;
		};
/* End PBXSourcesBuildPhase section */

/* Begin XCBuildConfiguration section */
		422CB729288D17BC001013CA /* Debug */ = {
			isa = XCBuildConfiguration;
			buildSettings = {
				ALWAYS_SEARCH_USER_PATHS = NO;
				CLANG_ANALYZER_NONNULL = YES;
				CLANG_ANALYZER_NUMBER_OBJECT_CONVERSION = YES_AGGRESSIVE;
				CLANG_CXX_LANGUAGE_STANDARD = "gnu++20";
				CLANG_ENABLE_MODULES = YES;
				CLANG_ENABLE_OBJC_ARC = YES;
				CLANG_ENABLE_OBJC_WEAK = YES;
				CLANG_WARN_BLOCK_CAPTURE_AUTORELEASING = YES;
				CLANG_WARN_BOOL_CONVERSION = YES;
				CLANG_WARN_COMMA = YES;
				CLANG_WARN_CONSTANT_CONVERSION = YES;
				CLANG_WARN_DEPRECATED_OBJC_IMPLEMENTATIONS = YES;
				CLANG_WARN_DIRECT_OBJC_ISA_USAGE = YES_ERROR;
				CLANG_WARN_DOCUMENTATION_COMMENTS = YES;
				CLANG_WARN_EMPTY_BODY = YES;
				CLANG_WARN_ENUM_CONVERSION = YES;
				CLANG_WARN_INFINITE_RECURSION = YES;
				CLANG_WARN_INT_CONVERSION = YES;
				CLANG_WARN_NON_LITERAL_NULL_CONVERSION = YES;
				CLANG_WARN_OBJC_IMPLICIT_RETAIN_SELF = YES;
				CLANG_WARN_OBJC_LITERAL_CONVERSION = YES;
				CLANG_WARN_OBJC_ROOT_CLASS = YES_ERROR;
				CLANG_WARN_QUOTED_INCLUDE_IN_FRAMEWORK_HEADER = YES;
				CLANG_WARN_RANGE_LOOP_ANALYSIS = YES;
				CLANG_WARN_STRICT_PROTOTYPES = YES;
				CLANG_WARN_SUSPICIOUS_MOVE = YES;
				CLANG_WARN_UNGUARDED_AVAILABILITY = YES_AGGRESSIVE;
				CLANG_WARN_UNREACHABLE_CODE = YES;
				CLANG_WARN__DUPLICATE_METHOD_MATCH = YES;
				COPY_PHASE_STRIP = NO;
				DEBUG_INFORMATION_FORMAT = dwarf;
				ENABLE_STRICT_OBJC_MSGSEND = YES;
				ENABLE_TESTABILITY = YES;
				GCC_C_LANGUAGE_STANDARD = gnu11;
				GCC_DYNAMIC_NO_PIC = NO;
				GCC_NO_COMMON_BLOCKS = YES;
				GCC_OPTIMIZATION_LEVEL = 0;
				GCC_PREPROCESSOR_DEFINITIONS = (
					"DEBUG=1",
					"$(inherited)",
				);
				GCC_WARN_64_TO_32_BIT_CONVERSION = YES;
				GCC_WARN_ABOUT_RETURN_TYPE = YES_ERROR;
				GCC_WARN_UNDECLARED_SELECTOR = YES;
				GCC_WARN_UNINITIALIZED_AUTOS = YES_AGGRESSIVE;
				GCC_WARN_UNUSED_FUNCTION = YES;
				GCC_WARN_UNUSED_VARIABLE = YES;
				MACOSX_DEPLOYMENT_TARGET = 13.0;
				MTL_ENABLE_DEBUG_INFO = INCLUDE_SOURCE;
				MTL_FAST_MATH = YES;
				ONLY_ACTIVE_ARCH = YES;
				SDKROOT = macosx;
				SWIFT_ACTIVE_COMPILATION_CONDITIONS = DEBUG;
				SWIFT_OPTIMIZATION_LEVEL = "-Onone";
			};
			name = Debug;
		};
		422CB72A288D17BC001013CA /* Release */ = {
			isa = XCBuildConfiguration;
			buildSettings = {
				ALWAYS_SEARCH_USER_PATHS = NO;
				CLANG_ANALYZER_NONNULL = YES;
				CLANG_ANALYZER_NUMBER_OBJECT_CONVERSION = YES_AGGRESSIVE;
				CLANG_CXX_LANGUAGE_STANDARD = "gnu++20";
				CLANG_ENABLE_MODULES = YES;
				CLANG_ENABLE_OBJC_ARC = YES;
				CLANG_ENABLE_OBJC_WEAK = YES;
				CLANG_WARN_BLOCK_CAPTURE_AUTORELEASING = YES;
				CLANG_WARN_BOOL_CONVERSION = YES;
				CLANG_WARN_COMMA = YES;
				CLANG_WARN_CONSTANT_CONVERSION = YES;
				CLANG_WARN_DEPRECATED_OBJC_IMPLEMENTATIONS = YES;
				CLANG_WARN_DIRECT_OBJC_ISA_USAGE = YES_ERROR;
				CLANG_WARN_DOCUMENTATION_COMMENTS = YES;
				CLANG_WARN_EMPTY_BODY = YES;
				CLANG_WARN_ENUM_CONVERSION = YES;
				CLANG_WARN_INFINITE_RECURSION = YES;
				CLANG_WARN_INT_CONVERSION = YES;
				CLANG_WARN_NON_LITERAL_NULL_CONVERSION = YES;
				CLANG_WARN_OBJC_IMPLICIT_RETAIN_SELF = YES;
				CLANG_WARN_OBJC_LITERAL_CONVERSION = YES;
				CLANG_WARN_OBJC_ROOT_CLASS = YES_ERROR;
				CLANG_WARN_QUOTED_INCLUDE_IN_FRAMEWORK_HEADER = YES;
				CLANG_WARN_RANGE_LOOP_ANALYSIS = YES;
				CLANG_WARN_STRICT_PROTOTYPES = YES;
				CLANG_WARN_SUSPICIOUS_MOVE = YES;
				CLANG_WARN_UNGUARDED_AVAILABILITY = YES_AGGRESSIVE;
				CLANG_WARN_UNREACHABLE_CODE = YES;
				CLANG_WARN__DUPLICATE_METHOD_MATCH = YES;
				COPY_PHASE_STRIP = NO;
				DEBUG_INFORMATION_FORMAT = "dwarf-with-dsym";
				ENABLE_NS_ASSERTIONS = NO;
				ENABLE_STRICT_OBJC_MSGSEND = YES;
				GCC_C_LANGUAGE_STANDARD = gnu11;
				GCC_NO_COMMON_BLOCKS = YES;
				GCC_WARN_64_TO_32_BIT_CONVERSION = YES;
				GCC_WARN_ABOUT_RETURN_TYPE = YES_ERROR;
				GCC_WARN_UNDECLARED_SELECTOR = YES;
				GCC_WARN_UNINITIALIZED_AUTOS = YES_AGGRESSIVE;
				GCC_WARN_UNUSED_FUNCTION = YES;
				GCC_WARN_UNUSED_VARIABLE = YES;
				MACOSX_DEPLOYMENT_TARGET = 13.0;
				MTL_ENABLE_DEBUG_INFO = NO;
				MTL_FAST_MATH = YES;
				SDKROOT = macosx;
				SWIFT_COMPILATION_MODE = wholemodule;
				SWIFT_OPTIMIZATION_LEVEL = "-O";
			};
			name = Release;
		};
		422CB72C288D17BC001013CA /* Debug */ = {
			isa = XCBuildConfiguration;
			buildSettings = {
				ASSETCATALOG_COMPILER_APPICON_NAME = AppIcon;
				ASSETCATALOG_COMPILER_GLOBAL_ACCENT_COLOR_NAME = AccentColor;
				CODE_SIGN_ENTITLEMENTS = sandtool/sandtool.entitlements;
				CODE_SIGN_STYLE = Automatic;
				COMBINE_HIDPI_IMAGES = YES;
				CURRENT_PROJECT_VERSION = 1;
				DEVELOPMENT_ASSET_PATHS = "\"sandtool/Preview Content\"";
				DEVELOPMENT_TEAM = NP873NYDVX;
				ENABLE_HARDENED_RUNTIME = YES;
				ENABLE_PREVIEWS = YES;
				GENERATE_INFOPLIST_FILE = YES;
				INFOPLIST_KEY_NSHumanReadableCopyright = "";
				LD_RUNPATH_SEARCH_PATHS = (
					"$(inherited)",
					"@executable_path/../Frameworks",
				);
				MARKETING_VERSION = 1.0;
				PRODUCT_BUNDLE_IDENTIFIER = space.joscomputing.sandtool;
				PRODUCT_NAME = "$(TARGET_NAME)";
				SWIFT_EMIT_LOC_STRINGS = YES;
				SWIFT_VERSION = 5.0;
			};
			name = Debug;
		};
		422CB72D288D17BC001013CA /* Release */ = {
			isa = XCBuildConfiguration;
			buildSettings = {
				ASSETCATALOG_COMPILER_APPICON_NAME = AppIcon;
				ASSETCATALOG_COMPILER_GLOBAL_ACCENT_COLOR_NAME = AccentColor;
				CODE_SIGN_ENTITLEMENTS = sandtool/sandtool.entitlements;
				CODE_SIGN_STYLE = Automatic;
				COMBINE_HIDPI_IMAGES = YES;
				CURRENT_PROJECT_VERSION = 1;
				DEVELOPMENT_ASSET_PATHS = "\"sandtool/Preview Content\"";
				DEVELOPMENT_TEAM = NP873NYDVX;
				ENABLE_HARDENED_RUNTIME = YES;
				ENABLE_PREVIEWS = YES;
				GENERATE_INFOPLIST_FILE = YES;
				INFOPLIST_KEY_NSHumanReadableCopyright = "";
				LD_RUNPATH_SEARCH_PATHS = (
					"$(inherited)",
					"@executable_path/../Frameworks",
				);
				MARKETING_VERSION = 1.0;
				PRODUCT_BUNDLE_IDENTIFIER = space.joscomputing.sandtool;
				PRODUCT_NAME = "$(TARGET_NAME)";
				SWIFT_EMIT_LOC_STRINGS = YES;
				SWIFT_VERSION = 5.0;
			};
			name = Release;
		};
/* End XCBuildConfiguration section */

/* Begin XCConfigurationList section */
		422CB717288D17BA001013CA /* Build configuration list for PBXProject "sandtool" */ = {
			isa = XCConfigurationList;
			buildConfigurations = (
				422CB729288D17BC001013CA /* Debug */,
				422CB72A288D17BC001013CA /* Release */,
			);
			defaultConfigurationIsVisible = 0;
			defaultConfigurationName = Release;
		};
		422CB72B288D17BC001013CA /* Build configuration list for PBXNativeTarget "sandtool" */ = {
			isa = XCConfigurationList;
			buildConfigurations = (
				422CB72C288D17BC001013CA /* Debug */,
				422CB72D288D17BC001013CA /* Release */,
			);
			defaultConfigurationIsVisible = 0;
			defaultConfigurationName = Release;
		};
/* End XCConfigurationList section */

/* Begin XCSwiftPackageProductDependency section */
		42F362B2288D2FB5008C6758 /* Sandstone */ = {
			isa = XCSwiftPackageProductDependency;
			productName = Sandstone;
		};
/* End XCSwiftPackageProductDependency section */
	};
	rootObject = 422CB714288D17BA001013CA /* Project object */;
}
